
Microsoft Visual Studio Solution File, Format Version 12.00
# Visual Studio Version 17
VisualStudioVersion = 17.5.33103.201
MinimumVisualStudioVersion = 10.0.40219.1
Project("{9A19103F-16F7-4668-BE54-9A1E7A4F7556}") = "PageTree.Client.Web", "PageTree\PageTree.Client.Web\PageTree.Client.Web.csproj", "{0CEB4EB1-662A-407F-B744-09F5AACB78EF}"
EndProject
Project("{9A19103F-16F7-4668-BE54-9A1E7A4F7556}") = "PageTree.Client.Native", "PageTree\PageTree.Client.Native\PageTree.Client.Native.csproj", "{E4D6F148-49EC-49D2-ADCD-F527598B2930}"
EndProject
Project("{9A19103F-16F7-4668-BE54-9A1E7A4F7556}") = "PageTree.Server", "PageTree\PageTree.Server\PageTree.Server.csproj", "{A1E69D65-BF9F-4B19-B571-31C5BF35DAED}"
EndProject
Project("{9A19103F-16F7-4668-BE54-9A1E7A4F7556}") = "PageTree.Client.Shared", "PageTree\PageTree.Client.Shared\PageTree.Client.Shared.csproj", "{D56E76F5-B86E-43E7-BE02-D9CFEE8FD16A}"
EndProject
Project("{9A19103F-16F7-4668-BE54-9A1E7A4F7556}") = "PageTree.App.Entities", "PageTree\PageTree.App.Entities\PageTree.App.Entities.csproj", "{98C25757-D8EB-4886-96BE-1CD36A1F0565}"
EndProject
Project("{9A19103F-16F7-4668-BE54-9A1E7A4F7556}") = "PageTree.App.UseCases", "PageTree\PageTree.App.UseCases\PageTree.App.UseCases.csproj", "{9F2D7D71-6DBF-4849-B0F3-029990E8448C}"
EndProject
Project("{9A19103F-16F7-4668-BE54-9A1E7A4F7556}") = "Corelibs.AspNetApi", "..\Corelibs.AspNetApi\Corelibs.AspNetApi\Corelibs.AspNetApi\Corelibs.AspNetApi.csproj", "{D7D34DA8-AA6A-4D6A-8238-21BFA3F14C69}"
EndProject
Project("{9A19103F-16F7-4668-BE54-9A1E7A4F7556}") = "Corelibs.Basic", "..\Corelibs.Basic\Corelibs.Basic\Corelibs.Basic\Corelibs.Basic.csproj", "{F46A8ABE-42B1-40F3-ABAE-163B6A12B70B}"
EndProject
Project("{9A19103F-16F7-4668-BE54-9A1E7A4F7556}") = "Corelibs.MauiMsalAuth", "..\Corelibs.MauiMsalAuth\Corelibs.MauiMsalAuth\Corelibs.MauiMsalAuth\Corelibs.MauiMsalAuth.csproj", "{FC8952CC-8211-4C07-8AD5-5F780183D6F3}"
EndProject
Project("{9A19103F-16F7-4668-BE54-9A1E7A4F7556}") = "Corelibs.BlazorWebAssembly", "..\Corelibs.BlazorWebAssembly\Corelibs.BlazorWebAssembly\Corelibs.BlazorWebAssembly\Corelibs.BlazorWebAssembly.csproj", "{54F84ADC-1C32-4C1A-8B0B-EAC28CD72EAE}"
EndProject
Project("{9A19103F-16F7-4668-BE54-9A1E7A4F7556}") = "Corelibs.BlazorShared", "..\Corelibs.BlazorShared\Corelibs.BlazorShared\Corelibs.BlazorShared\Corelibs.BlazorShared.csproj", "{FC670863-AF03-49EC-BECE-8EB4FD030787}"
EndProject
Project("{9A19103F-16F7-4668-BE54-9A1E7A4F7556}") = "PageTree.Server.ApiContracts", "PageTree\PageTree.Server.ApiContracts\PageTree.Server.ApiContracts.csproj", "{4DC92A62-2794-4AB1-ADF4-0A156B377E02}"
EndProject
Project("{9A19103F-16F7-4668-BE54-9A1E7A4F7556}") = "Corelibs.MongoDB", "..\Corelibs.MongoDB\Corelibs.MongoDB\Corelibs.MongoDB.csproj", "{28204661-6DF8-4438-B77E-8D63EC728625}"
EndProject
Project("{9A19103F-16F7-4668-BE54-9A1E7A4F7556}") = "Corelibs.BlazorViews", "..\Corelibs.BlazorComponents\Corelibs.BlazorComponents\Corelibs.BlazorViews\Corelibs.BlazorViews.csproj", "{E1D514B8-0EC4-4A8D-9E54-B23812D934A6}"
EndProject
Project("{9A19103F-16F7-4668-BE54-9A1E7A4F7556}") = "PageTree.App.UseCases.Tests", "PageTree\PageTree.App.UseCases.Tests\PageTree.App.UseCases.Tests.csproj", "{D5DBE10C-3CAE-4B80-B1BF-045FFD8B6970}"
EndProject
Project("{2150E333-8FDC-42A3-9474-1A3956D46DE8}") = "Tests", "Tests", "{3303C09A-07B6-4599-B00B-BDBE1B339FA0}"
EndProject
Project("{9A19103F-16F7-4668-BE54-9A1E7A4F7556}") = "PageTree.LegacyDataMigrator", "PageTree\PageTree.LegacyDataMigrator\PageTree.LegacyDataMigrator.csproj", "{1D665BAD-584F-4DE8-9B0B-E2A4194FD48B}"
EndProject
Global
	GlobalSection(SolutionConfigurationPlatforms) = preSolution
		Debug|Any CPU = Debug|Any CPU
		Debug|x64 = Debug|x64
		Release|Any CPU = Release|Any CPU
		Release|x64 = Release|x64
	EndGlobalSection
	GlobalSection(ProjectConfigurationPlatforms) = postSolution
		{0CEB4EB1-662A-407F-B744-09F5AACB78EF}.Debug|Any CPU.ActiveCfg = Debug|Any CPU
		{0CEB4EB1-662A-407F-B744-09F5AACB78EF}.Debug|Any CPU.Build.0 = Debug|Any CPU
		{0CEB4EB1-662A-407F-B744-09F5AACB78EF}.Debug|x64.ActiveCfg = Debug|x64
		{0CEB4EB1-662A-407F-B744-09F5AACB78EF}.Debug|x64.Build.0 = Debug|x64
		{0CEB4EB1-662A-407F-B744-09F5AACB78EF}.Release|Any CPU.ActiveCfg = Release|Any CPU
		{0CEB4EB1-662A-407F-B744-09F5AACB78EF}.Release|Any CPU.Build.0 = Release|Any CPU
		{0CEB4EB1-662A-407F-B744-09F5AACB78EF}.Release|x64.ActiveCfg = Release|x64
		{0CEB4EB1-662A-407F-B744-09F5AACB78EF}.Release|x64.Build.0 = Release|x64
		{E4D6F148-49EC-49D2-ADCD-F527598B2930}.Debug|Any CPU.ActiveCfg = Debug|Any CPU
		{E4D6F148-49EC-49D2-ADCD-F527598B2930}.Debug|Any CPU.Build.0 = Debug|Any CPU
		{E4D6F148-49EC-49D2-ADCD-F527598B2930}.Debug|Any CPU.Deploy.0 = Debug|Any CPU
		{E4D6F148-49EC-49D2-ADCD-F527598B2930}.Debug|x64.ActiveCfg = Debug|x64
		{E4D6F148-49EC-49D2-ADCD-F527598B2930}.Debug|x64.Build.0 = Debug|x64
		{E4D6F148-49EC-49D2-ADCD-F527598B2930}.Debug|x64.Deploy.0 = Debug|x64
		{E4D6F148-49EC-49D2-ADCD-F527598B2930}.Release|Any CPU.ActiveCfg = Release|Any CPU
		{E4D6F148-49EC-49D2-ADCD-F527598B2930}.Release|Any CPU.Build.0 = Release|Any CPU
		{E4D6F148-49EC-49D2-ADCD-F527598B2930}.Release|Any CPU.Deploy.0 = Release|Any CPU
		{E4D6F148-49EC-49D2-ADCD-F527598B2930}.Release|x64.ActiveCfg = Release|x64
		{E4D6F148-49EC-49D2-ADCD-F527598B2930}.Release|x64.Build.0 = Release|x64
		{E4D6F148-49EC-49D2-ADCD-F527598B2930}.Release|x64.Deploy.0 = Release|x64
		{A1E69D65-BF9F-4B19-B571-31C5BF35DAED}.Debug|Any CPU.ActiveCfg = Debug|Any CPU
		{A1E69D65-BF9F-4B19-B571-31C5BF35DAED}.Debug|Any CPU.Build.0 = Debug|Any CPU
		{A1E69D65-BF9F-4B19-B571-31C5BF35DAED}.Debug|x64.ActiveCfg = Debug|x64
		{A1E69D65-BF9F-4B19-B571-31C5BF35DAED}.Debug|x64.Build.0 = Debug|x64
		{A1E69D65-BF9F-4B19-B571-31C5BF35DAED}.Release|Any CPU.ActiveCfg = Release|Any CPU
		{A1E69D65-BF9F-4B19-B571-31C5BF35DAED}.Release|Any CPU.Build.0 = Release|Any CPU
		{A1E69D65-BF9F-4B19-B571-31C5BF35DAED}.Release|x64.ActiveCfg = Release|x64
		{A1E69D65-BF9F-4B19-B571-31C5BF35DAED}.Release|x64.Build.0 = Release|x64
		{D56E76F5-B86E-43E7-BE02-D9CFEE8FD16A}.Debug|Any CPU.ActiveCfg = Debug|Any CPU
		{D56E76F5-B86E-43E7-BE02-D9CFEE8FD16A}.Debug|Any CPU.Build.0 = Debug|Any CPU
		{D56E76F5-B86E-43E7-BE02-D9CFEE8FD16A}.Debug|x64.ActiveCfg = Debug|x64
		{D56E76F5-B86E-43E7-BE02-D9CFEE8FD16A}.Debug|x64.Build.0 = Debug|x64
		{D56E76F5-B86E-43E7-BE02-D9CFEE8FD16A}.Release|Any CPU.ActiveCfg = Release|Any CPU
		{D56E76F5-B86E-43E7-BE02-D9CFEE8FD16A}.Release|Any CPU.Build.0 = Release|Any CPU
		{D56E76F5-B86E-43E7-BE02-D9CFEE8FD16A}.Release|x64.ActiveCfg = Release|x64
		{D56E76F5-B86E-43E7-BE02-D9CFEE8FD16A}.Release|x64.Build.0 = Release|x64
		{98C25757-D8EB-4886-96BE-1CD36A1F0565}.Debug|Any CPU.ActiveCfg = Debug|Any CPU
		{98C25757-D8EB-4886-96BE-1CD36A1F0565}.Debug|Any CPU.Build.0 = Debug|Any CPU
		{98C25757-D8EB-4886-96BE-1CD36A1F0565}.Debug|x64.ActiveCfg = Debug|x64
		{98C25757-D8EB-4886-96BE-1CD36A1F0565}.Debug|x64.Build.0 = Debug|x64
		{98C25757-D8EB-4886-96BE-1CD36A1F0565}.Release|Any CPU.ActiveCfg = Release|Any CPU
		{98C25757-D8EB-4886-96BE-1CD36A1F0565}.Release|Any CPU.Build.0 = Release|Any CPU
		{98C25757-D8EB-4886-96BE-1CD36A1F0565}.Release|x64.ActiveCfg = Release|x64
		{98C25757-D8EB-4886-96BE-1CD36A1F0565}.Release|x64.Build.0 = Release|x64
		{9F2D7D71-6DBF-4849-B0F3-029990E8448C}.Debug|Any CPU.ActiveCfg = Debug|Any CPU
		{9F2D7D71-6DBF-4849-B0F3-029990E8448C}.Debug|Any CPU.Build.0 = Debug|Any CPU
		{9F2D7D71-6DBF-4849-B0F3-029990E8448C}.Debug|x64.ActiveCfg = Debug|x64
		{9F2D7D71-6DBF-4849-B0F3-029990E8448C}.Debug|x64.Build.0 = Debug|x64
		{9F2D7D71-6DBF-4849-B0F3-029990E8448C}.Release|Any CPU.ActiveCfg = Release|Any CPU
		{9F2D7D71-6DBF-4849-B0F3-029990E8448C}.Release|Any CPU.Build.0 = Release|Any CPU
		{9F2D7D71-6DBF-4849-B0F3-029990E8448C}.Release|x64.ActiveCfg = Release|x64
		{9F2D7D71-6DBF-4849-B0F3-029990E8448C}.Release|x64.Build.0 = Release|x64
		{D7D34DA8-AA6A-4D6A-8238-21BFA3F14C69}.Debug|Any CPU.ActiveCfg = Debug|Any CPU
		{D7D34DA8-AA6A-4D6A-8238-21BFA3F14C69}.Debug|Any CPU.Build.0 = Debug|Any CPU
		{D7D34DA8-AA6A-4D6A-8238-21BFA3F14C69}.Debug|x64.ActiveCfg = Debug|Any CPU
		{D7D34DA8-AA6A-4D6A-8238-21BFA3F14C69}.Debug|x64.Build.0 = Debug|Any CPU
		{D7D34DA8-AA6A-4D6A-8238-21BFA3F14C69}.Release|Any CPU.ActiveCfg = Release|Any CPU
		{D7D34DA8-AA6A-4D6A-8238-21BFA3F14C69}.Release|Any CPU.Build.0 = Release|Any CPU
		{D7D34DA8-AA6A-4D6A-8238-21BFA3F14C69}.Release|x64.ActiveCfg = Release|Any CPU
		{D7D34DA8-AA6A-4D6A-8238-21BFA3F14C69}.Release|x64.Build.0 = Release|Any CPU
		{F46A8ABE-42B1-40F3-ABAE-163B6A12B70B}.Debug|Any CPU.ActiveCfg = Debug|Any CPU
		{F46A8ABE-42B1-40F3-ABAE-163B6A12B70B}.Debug|Any CPU.Build.0 = Debug|Any CPU
		{F46A8ABE-42B1-40F3-ABAE-163B6A12B70B}.Debug|x64.ActiveCfg = Debug|x64
		{F46A8ABE-42B1-40F3-ABAE-163B6A12B70B}.Debug|x64.Build.0 = Debug|x64
		{F46A8ABE-42B1-40F3-ABAE-163B6A12B70B}.Release|Any CPU.ActiveCfg = Release|Any CPU
		{F46A8ABE-42B1-40F3-ABAE-163B6A12B70B}.Release|Any CPU.Build.0 = Release|Any CPU
		{F46A8ABE-42B1-40F3-ABAE-163B6A12B70B}.Release|x64.ActiveCfg = Release|x64
		{F46A8ABE-42B1-40F3-ABAE-163B6A12B70B}.Release|x64.Build.0 = Release|x64
		{FC8952CC-8211-4C07-8AD5-5F780183D6F3}.Debug|Any CPU.ActiveCfg = Debug|Any CPU
		{FC8952CC-8211-4C07-8AD5-5F780183D6F3}.Debug|Any CPU.Build.0 = Debug|Any CPU
		{FC8952CC-8211-4C07-8AD5-5F780183D6F3}.Debug|x64.ActiveCfg = Debug|Any CPU
		{FC8952CC-8211-4C07-8AD5-5F780183D6F3}.Debug|x64.Build.0 = Debug|Any CPU
		{FC8952CC-8211-4C07-8AD5-5F780183D6F3}.Release|Any CPU.ActiveCfg = Release|Any CPU
		{FC8952CC-8211-4C07-8AD5-5F780183D6F3}.Release|Any CPU.Build.0 = Release|Any CPU
		{FC8952CC-8211-4C07-8AD5-5F780183D6F3}.Release|x64.ActiveCfg = Release|Any CPU
		{FC8952CC-8211-4C07-8AD5-5F780183D6F3}.Release|x64.Build.0 = Release|Any CPU
		{54F84ADC-1C32-4C1A-8B0B-EAC28CD72EAE}.Debug|Any CPU.ActiveCfg = Debug|Any CPU
		{54F84ADC-1C32-4C1A-8B0B-EAC28CD72EAE}.Debug|Any CPU.Build.0 = Debug|Any CPU
		{54F84ADC-1C32-4C1A-8B0B-EAC28CD72EAE}.Debug|x64.ActiveCfg = Debug|Any CPU
		{54F84ADC-1C32-4C1A-8B0B-EAC28CD72EAE}.Debug|x64.Build.0 = Debug|Any CPU
		{54F84ADC-1C32-4C1A-8B0B-EAC28CD72EAE}.Release|Any CPU.ActiveCfg = Release|Any CPU
		{54F84ADC-1C32-4C1A-8B0B-EAC28CD72EAE}.Release|Any CPU.Build.0 = Release|Any CPU
		{54F84ADC-1C32-4C1A-8B0B-EAC28CD72EAE}.Release|x64.ActiveCfg = Release|Any CPU
		{54F84ADC-1C32-4C1A-8B0B-EAC28CD72EAE}.Release|x64.Build.0 = Release|Any CPU
		{FC670863-AF03-49EC-BECE-8EB4FD030787}.Debug|Any CPU.ActiveCfg = Debug|Any CPU
		{FC670863-AF03-49EC-BECE-8EB4FD030787}.Debug|Any CPU.Build.0 = Debug|Any CPU
		{FC670863-AF03-49EC-BECE-8EB4FD030787}.Debug|x64.ActiveCfg = Debug|Any CPU
		{FC670863-AF03-49EC-BECE-8EB4FD030787}.Debug|x64.Build.0 = Debug|Any CPU
		{FC670863-AF03-49EC-BECE-8EB4FD030787}.Release|Any CPU.ActiveCfg = Release|Any CPU
		{FC670863-AF03-49EC-BECE-8EB4FD030787}.Release|Any CPU.Build.0 = Release|Any CPU
		{FC670863-AF03-49EC-BECE-8EB4FD030787}.Release|x64.ActiveCfg = Release|Any CPU
		{FC670863-AF03-49EC-BECE-8EB4FD030787}.Release|x64.Build.0 = Release|Any CPU
		{4DC92A62-2794-4AB1-ADF4-0A156B377E02}.Debug|Any CPU.ActiveCfg = Debug|Any CPU
		{4DC92A62-2794-4AB1-ADF4-0A156B377E02}.Debug|Any CPU.Build.0 = Debug|Any CPU
		{4DC92A62-2794-4AB1-ADF4-0A156B377E02}.Debug|x64.ActiveCfg = Debug|Any CPU
		{4DC92A62-2794-4AB1-ADF4-0A156B377E02}.Debug|x64.Build.0 = Debug|Any CPU
		{4DC92A62-2794-4AB1-ADF4-0A156B377E02}.Release|Any CPU.ActiveCfg = Release|Any CPU
		{4DC92A62-2794-4AB1-ADF4-0A156B377E02}.Release|Any CPU.Build.0 = Release|Any CPU
		{4DC92A62-2794-4AB1-ADF4-0A156B377E02}.Release|x64.ActiveCfg = Release|Any CPU
		{4DC92A62-2794-4AB1-ADF4-0A156B377E02}.Release|x64.Build.0 = Release|Any CPU
		{28204661-6DF8-4438-B77E-8D63EC728625}.Debug|Any CPU.ActiveCfg = Debug|Any CPU
		{28204661-6DF8-4438-B77E-8D63EC728625}.Debug|Any CPU.Build.0 = Debug|Any CPU
		{28204661-6DF8-4438-B77E-8D63EC728625}.Debug|x64.ActiveCfg = Debug|Any CPU
		{28204661-6DF8-4438-B77E-8D63EC728625}.Debug|x64.Build.0 = Debug|Any CPU
		{28204661-6DF8-4438-B77E-8D63EC728625}.Release|Any CPU.ActiveCfg = Release|Any CPU
		{28204661-6DF8-4438-B77E-8D63EC728625}.Release|Any CPU.Build.0 = Release|Any CPU
		{28204661-6DF8-4438-B77E-8D63EC728625}.Release|x64.ActiveCfg = Release|Any CPU
		{28204661-6DF8-4438-B77E-8D63EC728625}.Release|x64.Build.0 = Release|Any CPU
		{E1D514B8-0EC4-4A8D-9E54-B23812D934A6}.Debug|Any CPU.ActiveCfg = Debug|Any CPU
		{E1D514B8-0EC4-4A8D-9E54-B23812D934A6}.Debug|Any CPU.Build.0 = Debug|Any CPU
		{E1D514B8-0EC4-4A8D-9E54-B23812D934A6}.Debug|x64.ActiveCfg = Debug|Any CPU
		{E1D514B8-0EC4-4A8D-9E54-B23812D934A6}.Debug|x64.Build.0 = Debug|Any CPU
		{E1D514B8-0EC4-4A8D-9E54-B23812D934A6}.Release|Any CPU.ActiveCfg = Release|Any CPU
		{E1D514B8-0EC4-4A8D-9E54-B23812D934A6}.Release|Any CPU.Build.0 = Release|Any CPU
		{E1D514B8-0EC4-4A8D-9E54-B23812D934A6}.Release|x64.ActiveCfg = Release|Any CPU
		{E1D514B8-0EC4-4A8D-9E54-B23812D934A6}.Release|x64.Build.0 = Release|Any CPU
		{D5DBE10C-3CAE-4B80-B1BF-045FFD8B6970}.Debug|Any CPU.ActiveCfg = Debug|Any CPU
		{D5DBE10C-3CAE-4B80-B1BF-045FFD8B6970}.Debug|Any CPU.Build.0 = Debug|Any CPU
		{D5DBE10C-3CAE-4B80-B1BF-045FFD8B6970}.Debug|x64.ActiveCfg = Debug|Any CPU
		{D5DBE10C-3CAE-4B80-B1BF-045FFD8B6970}.Debug|x64.Build.0 = Debug|Any CPU
		{D5DBE10C-3CAE-4B80-B1BF-045FFD8B6970}.Release|Any CPU.ActiveCfg = Release|Any CPU
		{D5DBE10C-3CAE-4B80-B1BF-045FFD8B6970}.Release|Any CPU.Build.0 = Release|Any CPU
		{D5DBE10C-3CAE-4B80-B1BF-045FFD8B6970}.Release|x64.ActiveCfg = Release|Any CPU
		{D5DBE10C-3CAE-4B80-B1BF-045FFD8B6970}.Release|x64.Build.0 = Release|Any CPU
		{1D665BAD-584F-4DE8-9B0B-E2A4194FD48B}.Debug|Any CPU.ActiveCfg = Debug|Any CPU
		{1D665BAD-584F-4DE8-9B0B-E2A4194FD48B}.Debug|Any CPU.Build.0 = Debug|Any CPU
		{1D665BAD-584F-4DE8-9B0B-E2A4194FD48B}.Debug|x64.ActiveCfg = Debug|Any CPU
		{1D665BAD-584F-4DE8-9B0B-E2A4194FD48B}.Debug|x64.Build.0 = Debug|Any CPU
		{1D665BAD-584F-4DE8-9B0B-E2A4194FD48B}.Release|Any CPU.ActiveCfg = Release|Any CPU
		{1D665BAD-584F-4DE8-9B0B-E2A4194FD48B}.Release|Any CPU.Build.0 = Release|Any CPU
		{1D665BAD-584F-4DE8-9B0B-E2A4194FD48B}.Release|x64.ActiveCfg = Release|Any CPU
		{1D665BAD-584F-4DE8-9B0B-E2A4194FD48B}.Release|x64.Build.0 = Release|Any CPU
	EndGlobalSection
	GlobalSection(SolutionProperties) = preSolution
		HideSolutionNode = FALSE
	EndGlobalSection
	GlobalSection(NestedProjects) = preSolution
		{D5DBE10C-3CAE-4B80-B1BF-045FFD8B6970} = {3303C09A-07B6-4599-B00B-BDBE1B339FA0}
	EndGlobalSection
	GlobalSection(ExtensibilityGlobals) = postSolution
		SolutionGuid = {F8E144BC-2BAA-4E11-BB4A-5E339A9A794D}
	EndGlobalSection
EndGlobal
