
Microsoft Visual Studio Solution File, Format Version 12.00
# Visual Studio Version 17
VisualStudioVersion = 17.5.33103.201
MinimumVisualStudioVersion = 10.0.40219.1
Project("{9A19103F-16F7-4668-BE54-9A1E7A4F7556}") = "PageTree.Domain", "PageTree\PageTree.Domain\PageTree.Domain.csproj", "{7B48133A-3234-476A-904E-044D17DBAFB7}"
EndProject
Project("{9A19103F-16F7-4668-BE54-9A1E7A4F7556}") = "PageTree.App", "PageTree\PageTree.App\PageTree.App.csproj", "{311B4599-A69D-4AE0-B6C6-A3895876F97E}"
EndProject
Project("{9A19103F-16F7-4668-BE54-9A1E7A4F7556}") = "Common.Basic", "..\Common.Basic.Tests\Common.Basic.Tests\Common.Basic\Common.Basic.csproj", "{1431467C-DADE-4A07-B1E5-8C1C5C290F98}"
EndProject
Project("{2150E333-8FDC-42A3-9474-1A3956D46DE8}") = "Server", "Server", "{6F8742FC-B53E-4F20-A89B-B7D8C4909595}"
EndProject
Project("{2150E333-8FDC-42A3-9474-1A3956D46DE8}") = "Common", "Common", "{C698E0C1-B0D7-4921-8371-B55111BDBCA3}"
EndProject
Project("{9A19103F-16F7-4668-BE54-9A1E7A4F7556}") = "PageTree.Server", "PageTree\PageTree.Server\PageTree.Server.csproj", "{32484F7A-E540-4A7D-BF91-EEC7D93329B5}"
EndProject
Project("{9A19103F-16F7-4668-BE54-9A1E7A4F7556}") = "PageTree.Server.Infrastructure", "PageTree\PageTree.Server.Infrastructure\PageTree.Server.Infrastructure.csproj", "{C3DC020E-0194-4883-B71E-98E27805356B}"
EndProject
Project("{2150E333-8FDC-42A3-9474-1A3956D46DE8}") = "Client", "Client", "{EBC21797-3FA5-4D3D-A11C-CCA4A4A0359A}"
EndProject
Project("{9A19103F-16F7-4668-BE54-9A1E7A4F7556}") = "PageTree.WebClient", "PageTree\PageTree.WebClient\PageTree.WebClient.csproj", "{2B8070C7-EE02-407A-9A9A-BB75363305B4}"
EndProject
Project("{9A19103F-16F7-4668-BE54-9A1E7A4F7556}") = "PageTree.Pages", "PageTree\PageTree.Pages\PageTree.Pages.csproj", "{85FDB0D3-14D5-4558-B695-6CBE92E050EC}"
EndProject
Global
	GlobalSection(SolutionConfigurationPlatforms) = preSolution
		Debug|Any CPU = Debug|Any CPU
		Release|Any CPU = Release|Any CPU
	EndGlobalSection
	GlobalSection(ProjectConfigurationPlatforms) = postSolution
		{7B48133A-3234-476A-904E-044D17DBAFB7}.Debug|Any CPU.ActiveCfg = Debug|Any CPU
		{7B48133A-3234-476A-904E-044D17DBAFB7}.Debug|Any CPU.Build.0 = Debug|Any CPU
		{7B48133A-3234-476A-904E-044D17DBAFB7}.Release|Any CPU.ActiveCfg = Release|Any CPU
		{7B48133A-3234-476A-904E-044D17DBAFB7}.Release|Any CPU.Build.0 = Release|Any CPU
		{311B4599-A69D-4AE0-B6C6-A3895876F97E}.Debug|Any CPU.ActiveCfg = Debug|Any CPU
		{311B4599-A69D-4AE0-B6C6-A3895876F97E}.Debug|Any CPU.Build.0 = Debug|Any CPU
		{311B4599-A69D-4AE0-B6C6-A3895876F97E}.Release|Any CPU.ActiveCfg = Release|Any CPU
		{311B4599-A69D-4AE0-B6C6-A3895876F97E}.Release|Any CPU.Build.0 = Release|Any CPU
		{1431467C-DADE-4A07-B1E5-8C1C5C290F98}.Debug|Any CPU.ActiveCfg = Debug|Any CPU
		{1431467C-DADE-4A07-B1E5-8C1C5C290F98}.Debug|Any CPU.Build.0 = Debug|Any CPU
		{1431467C-DADE-4A07-B1E5-8C1C5C290F98}.Release|Any CPU.ActiveCfg = Release|Any CPU
		{1431467C-DADE-4A07-B1E5-8C1C5C290F98}.Release|Any CPU.Build.0 = Release|Any CPU
		{32484F7A-E540-4A7D-BF91-EEC7D93329B5}.Debug|Any CPU.ActiveCfg = Debug|Any CPU
		{32484F7A-E540-4A7D-BF91-EEC7D93329B5}.Debug|Any CPU.Build.0 = Debug|Any CPU
		{32484F7A-E540-4A7D-BF91-EEC7D93329B5}.Release|Any CPU.ActiveCfg = Release|Any CPU
		{32484F7A-E540-4A7D-BF91-EEC7D93329B5}.Release|Any CPU.Build.0 = Release|Any CPU
		{C3DC020E-0194-4883-B71E-98E27805356B}.Debug|Any CPU.ActiveCfg = Debug|Any CPU
		{C3DC020E-0194-4883-B71E-98E27805356B}.Debug|Any CPU.Build.0 = Debug|Any CPU
		{C3DC020E-0194-4883-B71E-98E27805356B}.Release|Any CPU.ActiveCfg = Release|Any CPU
		{C3DC020E-0194-4883-B71E-98E27805356B}.Release|Any CPU.Build.0 = Release|Any CPU
		{2B8070C7-EE02-407A-9A9A-BB75363305B4}.Debug|Any CPU.ActiveCfg = Debug|Any CPU
		{2B8070C7-EE02-407A-9A9A-BB75363305B4}.Debug|Any CPU.Build.0 = Debug|Any CPU
		{2B8070C7-EE02-407A-9A9A-BB75363305B4}.Release|Any CPU.ActiveCfg = Release|Any CPU
		{2B8070C7-EE02-407A-9A9A-BB75363305B4}.Release|Any CPU.Build.0 = Release|Any CPU
		{85FDB0D3-14D5-4558-B695-6CBE92E050EC}.Debug|Any CPU.ActiveCfg = Debug|Any CPU
		{85FDB0D3-14D5-4558-B695-6CBE92E050EC}.Debug|Any CPU.Build.0 = Debug|Any CPU
		{85FDB0D3-14D5-4558-B695-6CBE92E050EC}.Release|Any CPU.ActiveCfg = Release|Any CPU
		{85FDB0D3-14D5-4558-B695-6CBE92E050EC}.Release|Any CPU.Build.0 = Release|Any CPU
	EndGlobalSection
	GlobalSection(SolutionProperties) = preSolution
		HideSolutionNode = FALSE
	EndGlobalSection
	GlobalSection(NestedProjects) = preSolution
		{7B48133A-3234-476A-904E-044D17DBAFB7} = {C698E0C1-B0D7-4921-8371-B55111BDBCA3}
		{311B4599-A69D-4AE0-B6C6-A3895876F97E} = {C698E0C1-B0D7-4921-8371-B55111BDBCA3}
		{1431467C-DADE-4A07-B1E5-8C1C5C290F98} = {C698E0C1-B0D7-4921-8371-B55111BDBCA3}
		{32484F7A-E540-4A7D-BF91-EEC7D93329B5} = {6F8742FC-B53E-4F20-A89B-B7D8C4909595}
		{C3DC020E-0194-4883-B71E-98E27805356B} = {6F8742FC-B53E-4F20-A89B-B7D8C4909595}
		{2B8070C7-EE02-407A-9A9A-BB75363305B4} = {EBC21797-3FA5-4D3D-A11C-CCA4A4A0359A}
		{85FDB0D3-14D5-4558-B695-6CBE92E050EC} = {EBC21797-3FA5-4D3D-A11C-CCA4A4A0359A}
	EndGlobalSection
	GlobalSection(ExtensibilityGlobals) = postSolution
		SolutionGuid = {F8E144BC-2BAA-4E11-BB4A-5E339A9A794D}
	EndGlobalSection
EndGlobal
