
Microsoft Visual Studio Solution File, Format Version 12.00
# Visual Studio Version 17
VisualStudioVersion = 17.5.33103.201
MinimumVisualStudioVersion = 10.0.40219.1
Project("{FAE04EC0-301F-11D3-BF4B-00C04F79EFBC}") = "BlazorWASMHostedMSAL.Server", "BlazorWASMHostedMSAL\Server\BlazorWASMHostedMSAL.Server.csproj", "{C88F22A2-FF64-4CD6-A285-61FEBE7D9504}"
EndProject
Project("{FAE04EC0-301F-11D3-BF4B-00C04F79EFBC}") = "BlazorWASMHostedMSAL.Client", "BlazorWASMHostedMSAL\Client\BlazorWASMHostedMSAL.Client.csproj", "{76FE5BB5-61E2-4257-B5AC-39D61A0CDEDC}"
EndProject
Project("{FAE04EC0-301F-11D3-BF4B-00C04F79EFBC}") = "BlazorWASMHostedMSAL.Shared", "BlazorWASMHostedMSAL\Shared\BlazorWASMHostedMSAL.Shared.csproj", "{5B1E9814-E860-43F1-B75E-BB5415337009}"
EndProject
Project("{FAE04EC0-301F-11D3-BF4B-00C04F79EFBC}") = "BlazorMauiMSAL", "BlazorWASMHostedMSAL\BlazorMauiMSAL\BlazorMauiMSAL.csproj", "{B8004020-B917-46F6-8492-B8D70C1DBE4E}"
EndProject
Global
	GlobalSection(SolutionConfigurationPlatforms) = preSolution
		Debug|Any CPU = Debug|Any CPU
		Release|Any CPU = Release|Any CPU
	EndGlobalSection
	GlobalSection(ProjectConfigurationPlatforms) = postSolution
		{C88F22A2-FF64-4CD6-A285-61FEBE7D9504}.Debug|Any CPU.ActiveCfg = Debug|Any CPU
		{C88F22A2-FF64-4CD6-A285-61FEBE7D9504}.Debug|Any CPU.Build.0 = Debug|Any CPU
		{C88F22A2-FF64-4CD6-A285-61FEBE7D9504}.Release|Any CPU.ActiveCfg = Release|Any CPU
		{C88F22A2-FF64-4CD6-A285-61FEBE7D9504}.Release|Any CPU.Build.0 = Release|Any CPU
		{76FE5BB5-61E2-4257-B5AC-39D61A0CDEDC}.Debug|Any CPU.ActiveCfg = Debug|Any CPU
		{76FE5BB5-61E2-4257-B5AC-39D61A0CDEDC}.Debug|Any CPU.Build.0 = Debug|Any CPU
		{76FE5BB5-61E2-4257-B5AC-39D61A0CDEDC}.Release|Any CPU.ActiveCfg = Release|Any CPU
		{76FE5BB5-61E2-4257-B5AC-39D61A0CDEDC}.Release|Any CPU.Build.0 = Release|Any CPU
		{5B1E9814-E860-43F1-B75E-BB5415337009}.Debug|Any CPU.ActiveCfg = Debug|Any CPU
		{5B1E9814-E860-43F1-B75E-BB5415337009}.Debug|Any CPU.Build.0 = Debug|Any CPU
		{5B1E9814-E860-43F1-B75E-BB5415337009}.Release|Any CPU.ActiveCfg = Release|Any CPU
		{5B1E9814-E860-43F1-B75E-BB5415337009}.Release|Any CPU.Build.0 = Release|Any CPU
		{B8004020-B917-46F6-8492-B8D70C1DBE4E}.Debug|Any CPU.ActiveCfg = Debug|Any CPU
		{B8004020-B917-46F6-8492-B8D70C1DBE4E}.Debug|Any CPU.Build.0 = Debug|Any CPU
		{B8004020-B917-46F6-8492-B8D70C1DBE4E}.Debug|Any CPU.Deploy.0 = Debug|Any CPU
		{B8004020-B917-46F6-8492-B8D70C1DBE4E}.Release|Any CPU.ActiveCfg = Release|Any CPU
		{B8004020-B917-46F6-8492-B8D70C1DBE4E}.Release|Any CPU.Build.0 = Release|Any CPU
		{B8004020-B917-46F6-8492-B8D70C1DBE4E}.Release|Any CPU.Deploy.0 = Release|Any CPU
	EndGlobalSection
	GlobalSection(SolutionProperties) = preSolution
		HideSolutionNode = FALSE
	EndGlobalSection
	GlobalSection(ExtensibilityGlobals) = postSolution
		SolutionGuid = {D112A783-AF9F-467C-BEFE-0CA6728E71DA}
	EndGlobalSection
EndGlobal
